{
    "version": 3,
    "terraform_version": "0.11.13",
    "serial": 2,
    "lineage": "664030a3-18bd-d400-caca-d8ae6cf7cf48",
    "modules": [
        {
            "path": [
                "root"
            ],
            "outputs": {},
            "resources": {
                "aws_internet_gateway.default": {
                    "type": "aws_internet_gateway",
                    "depends_on": [
                        "aws_vpc.default"
                    ],
                    "primary": {
                        "id": "igw-0fe84f83d6350f51c",
                        "attributes": {
                            "id": "igw-0fe84f83d6350f51c",
                            "owner_id": "888454777979",
                            "tags.%": "1",
                            "tags.Name": "terraform-aws-igw",
                            "vpc_id": "vpc-011bb1eef045ce9c0"
                        },
                        "meta": {},
                        "tainted": false
                    },
                    "deposed": [],
                    "provider": "provider.aws"
                },
                "aws_route_table.terraform-public": {
                    "type": "aws_route_table",
                    "depends_on": [
                        "aws_internet_gateway.default",
                        "aws_vpc.default"
                    ],
                    "primary": {
                        "id": "rtb-0155e9711bcea1c73",
                        "attributes": {
                            "id": "rtb-0155e9711bcea1c73",
                            "owner_id": "888454777979",
                            "propagating_vgws.#": "0",
                            "route.#": "1",
                            "route.4035120147.cidr_block": "0.0.0.0/0",
                            "route.4035120147.egress_only_gateway_id": "",
                            "route.4035120147.gateway_id": "igw-0fe84f83d6350f51c",
                            "route.4035120147.instance_id": "",
                            "route.4035120147.ipv6_cidr_block": "",
                            "route.4035120147.nat_gateway_id": "",
                            "route.4035120147.network_interface_id": "",
                            "route.4035120147.transit_gateway_id": "",
                            "route.4035120147.vpc_peering_connection_id": "",
                            "tags.%": "1",
                            "tags.Name": "Terraform_Main_table-testing",
                            "vpc_id": "vpc-011bb1eef045ce9c0"
                        },
                        "meta": {},
                        "tainted": false
                    },
                    "deposed": [],
                    "provider": "provider.aws"
                },
                "aws_route_table_association.terraform-public": {
                    "type": "aws_route_table_association",
                    "depends_on": [
                        "aws_route_table.terraform-public",
                        "aws_subnet.subnet1-public"
                    ],
                    "primary": {
                        "id": "rtbassoc-0ab73bf8ef0f96fea",
                        "attributes": {
                            "id": "rtbassoc-0ab73bf8ef0f96fea",
                            "route_table_id": "rtb-0155e9711bcea1c73",
                            "subnet_id": "subnet-00a180ae11e006ca1"
                        },
                        "meta": {},
                        "tainted": false
                    },
                    "deposed": [],
                    "provider": "provider.aws"
                },
                "aws_security_group.allow_all": {
                    "type": "aws_security_group",
                    "depends_on": [
                        "aws_vpc.default"
                    ],
                    "primary": {
                        "id": "sg-043520fbf66a33a5b",
                        "attributes": {
                            "arn": "arn:aws:ec2:ap-south-1:888454777979:security-group/sg-043520fbf66a33a5b",
                            "description": "Allow all inbound traffic",
                            "egress.#": "1",
                            "egress.482069346.cidr_blocks.#": "1",
                            "egress.482069346.cidr_blocks.0": "0.0.0.0/0",
                            "egress.482069346.description": "",
                            "egress.482069346.from_port": "0",
                            "egress.482069346.ipv6_cidr_blocks.#": "0",
                            "egress.482069346.prefix_list_ids.#": "0",
                            "egress.482069346.protocol": "-1",
                            "egress.482069346.security_groups.#": "0",
                            "egress.482069346.self": "false",
                            "egress.482069346.to_port": "0",
                            "id": "sg-043520fbf66a33a5b",
                            "ingress.#": "1",
                            "ingress.482069346.cidr_blocks.#": "1",
                            "ingress.482069346.cidr_blocks.0": "0.0.0.0/0",
                            "ingress.482069346.description": "",
                            "ingress.482069346.from_port": "0",
                            "ingress.482069346.ipv6_cidr_blocks.#": "0",
                            "ingress.482069346.prefix_list_ids.#": "0",
                            "ingress.482069346.protocol": "-1",
                            "ingress.482069346.security_groups.#": "0",
                            "ingress.482069346.self": "false",
                            "ingress.482069346.to_port": "0",
                            "name": "allow_all",
                            "owner_id": "888454777979",
                            "revoke_rules_on_delete": "false",
                            "tags.%": "0",
                            "vpc_id": "vpc-011bb1eef045ce9c0"
                        },
                        "meta": {
                            "e2bfb730-ecaa-11e6-8f88-34363bc7c4c0": {
                                "create": 600000000000,
                                "delete": 600000000000
                            },
                            "schema_version": "1"
                        },
                        "tainted": false
                    },
                    "deposed": [],
                    "provider": "provider.aws"
                },
                "aws_subnet.subnet1-public": {
                    "type": "aws_subnet",
                    "depends_on": [
                        "aws_vpc.default"
                    ],
                    "primary": {
                        "id": "subnet-00a180ae11e006ca1",
                        "attributes": {
                            "arn": "arn:aws:ec2:ap-south-1:888454777979:subnet/subnet-00a180ae11e006ca1",
                            "assign_ipv6_address_on_creation": "false",
                            "availability_zone": "ap-south-1a",
                            "availability_zone_id": "aps1-az1",
                            "cidr_block": "10.1.5.0/24",
                            "id": "subnet-00a180ae11e006ca1",
                            "ipv6_cidr_block": "",
                            "ipv6_cidr_block_association_id": "",
                            "map_public_ip_on_launch": "false",
                            "owner_id": "888454777979",
                            "tags.%": "1",
                            "tags.Name": "Terraform_Public_Subnet1-testing",
                            "vpc_id": "vpc-011bb1eef045ce9c0"
                        },
                        "meta": {
                            "e2bfb730-ecaa-11e6-8f88-34363bc7c4c0": {
                                "create": 600000000000,
                                "delete": 600000000000
                            },
                            "schema_version": "1"
                        },
                        "tainted": false
                    },
                    "deposed": [],
                    "provider": "provider.aws"
                },
                "aws_subnet.subnet2-public": {
                    "type": "aws_subnet",
                    "depends_on": [
                        "aws_vpc.default"
                    ],
                    "primary": {
                        "id": "subnet-08cfe71678114b1d6",
                        "attributes": {
                            "arn": "arn:aws:ec2:ap-south-1:888454777979:subnet/subnet-08cfe71678114b1d6",
                            "assign_ipv6_address_on_creation": "false",
                            "availability_zone": "ap-south-1b",
                            "availability_zone_id": "aps1-az3",
                            "cidr_block": "10.1.7.0/24",
                            "id": "subnet-08cfe71678114b1d6",
                            "ipv6_cidr_block": "",
                            "ipv6_cidr_block_association_id": "",
                            "map_public_ip_on_launch": "false",
                            "owner_id": "888454777979",
                            "tags.%": "1",
                            "tags.Name": "Terraform_Public_Subnet2-testing",
                            "vpc_id": "vpc-011bb1eef045ce9c0"
                        },
                        "meta": {
                            "e2bfb730-ecaa-11e6-8f88-34363bc7c4c0": {
                                "create": 600000000000,
                                "delete": 600000000000
                            },
                            "schema_version": "1"
                        },
                        "tainted": false
                    },
                    "deposed": [],
                    "provider": "provider.aws"
                },
                "aws_vpc.default": {
                    "type": "aws_vpc",
                    "depends_on": [],
                    "primary": {
                        "id": "vpc-011bb1eef045ce9c0",
                        "attributes": {
                            "arn": "arn:aws:ec2:ap-south-1:888454777979:vpc/vpc-011bb1eef045ce9c0",
                            "assign_generated_ipv6_cidr_block": "false",
                            "cidr_block": "10.1.0.0/16",
                            "default_network_acl_id": "acl-05a8f3226ad6e7329",
                            "default_route_table_id": "rtb-01da4f1f01ed1a990",
                            "default_security_group_id": "sg-0c0e8cca6b9123d6e",
                            "dhcp_options_id": "dopt-980d1bf0",
                            "enable_dns_hostnames": "true",
                            "enable_dns_support": "true",
                            "id": "vpc-011bb1eef045ce9c0",
                            "instance_tenancy": "default",
                            "ipv6_association_id": "",
                            "ipv6_cidr_block": "",
                            "main_route_table_id": "rtb-01da4f1f01ed1a990",
                            "owner_id": "888454777979",
                            "tags.%": "1",
                            "tags.Name": "terraform-aws-testing"
                        },
                        "meta": {
                            "schema_version": "1"
                        },
                        "tainted": false
                    },
                    "deposed": [],
                    "provider": "provider.aws"
                }
            },
            "depends_on": []
        }
    ]
}
